
Microsoft Visual Studio Solution File, Format Version 12.00
# Visual Studio Version 16
VisualStudioVersion = 16.0.32106.194
MinimumVisualStudioVersion = 10.0.40219.1
Project("{FAE04EC0-301F-11D3-BF4B-00C04F79EFBC}") = "ch03", "ch03\ch03.csproj", "{981E413C-4E1E-4C6B-AEB4-1144C785D4EA}"
EndProject
Global
	GlobalSection(SolutionConfigurationPlatforms) = preSolution
		Debug|Any CPU = Debug|Any CPU
		Release|Any CPU = Release|Any CPU
	EndGlobalSection
	GlobalSection(ProjectConfigurationPlatforms) = postSolution
		{981E413C-4E1E-4C6B-AEB4-1144C785D4EA}.Debug|Any CPU.ActiveCfg = Debug|Any CPU
		{981E413C-4E1E-4C6B-AEB4-1144C785D4EA}.Debug|Any CPU.Build.0 = Debug|Any CPU
		{981E413C-4E1E-4C6B-AEB4-1144C785D4EA}.Release|Any CPU.ActiveCfg = Release|Any CPU
		{981E413C-4E1E-4C6B-AEB4-1144C785D4EA}.Release|Any CPU.Build.0 = Release|Any CPU
	EndGlobalSection
	GlobalSection(SolutionProperties) = preSolution
		HideSolutionNode = FALSE
	EndGlobalSection
	GlobalSection(ExtensibilityGlobals) = postSolution
		SolutionGuid = {54B7F54B-26A6-4F5F-96BE-57A0A0E3BB7F}
	EndGlobalSection
EndGlobal
