
Microsoft Visual Studio Solution File, Format Version 12.00
# Visual Studio 15
VisualStudioVersion = 15.0.28307.1622
MinimumVisualStudioVersion = 10.0.40219.1
Project("{FAE04EC0-301F-11D3-BF4B-00C04F79EFBC}") = "ch04enum", "ch04enum.csproj", "{C7B2759D-F2B2-4926-AC83-AE2CE431A82F}"
EndProject
Global
	GlobalSection(SolutionConfigurationPlatforms) = preSolution
		Debug|Any CPU = Debug|Any CPU
		Release|Any CPU = Release|Any CPU
	EndGlobalSection
	GlobalSection(ProjectConfigurationPlatforms) = postSolution
		{C7B2759D-F2B2-4926-AC83-AE2CE431A82F}.Debug|Any CPU.ActiveCfg = Debug|Any CPU
		{C7B2759D-F2B2-4926-AC83-AE2CE431A82F}.Debug|Any CPU.Build.0 = Debug|Any CPU
		{C7B2759D-F2B2-4926-AC83-AE2CE431A82F}.Release|Any CPU.ActiveCfg = Release|Any CPU
		{C7B2759D-F2B2-4926-AC83-AE2CE431A82F}.Release|Any CPU.Build.0 = Release|Any CPU
	EndGlobalSection
	GlobalSection(SolutionProperties) = preSolution
		HideSolutionNode = FALSE
	EndGlobalSection
	GlobalSection(ExtensibilityGlobals) = postSolution
		SolutionGuid = {1F069BAB-2735-473D-A624-A75EAF89350D}
	EndGlobalSection
EndGlobal
