
Microsoft Visual Studio Solution File, Format Version 12.00
# Visual Studio Version 16
VisualStudioVersion = 16.0.32106.194
MinimumVisualStudioVersion = 10.0.40219.1
Project("{FAE04EC0-301F-11D3-BF4B-00C04F79EFBC}") = "ch03", "ch03\ch03.csproj", "{EC31D279-4364-47F7-B3B3-DF4C369B6767}"
EndProject
Global
	GlobalSection(SolutionConfigurationPlatforms) = preSolution
		Debug|Any CPU = Debug|Any CPU
		Release|Any CPU = Release|Any CPU
	EndGlobalSection
	GlobalSection(ProjectConfigurationPlatforms) = postSolution
		{EC31D279-4364-47F7-B3B3-DF4C369B6767}.Debug|Any CPU.ActiveCfg = Debug|Any CPU
		{EC31D279-4364-47F7-B3B3-DF4C369B6767}.Debug|Any CPU.Build.0 = Debug|Any CPU
		{EC31D279-4364-47F7-B3B3-DF4C369B6767}.Release|Any CPU.ActiveCfg = Release|Any CPU
		{EC31D279-4364-47F7-B3B3-DF4C369B6767}.Release|Any CPU.Build.0 = Release|Any CPU
	EndGlobalSection
	GlobalSection(SolutionProperties) = preSolution
		HideSolutionNode = FALSE
	EndGlobalSection
	GlobalSection(ExtensibilityGlobals) = postSolution
		SolutionGuid = {210D5E82-FDC6-47CF-B447-AECC7F3035D4}
	EndGlobalSection
EndGlobal
