
Microsoft Visual Studio Solution File, Format Version 12.00
# Visual Studio Version 16
VisualStudioVersion = 16.0.32106.194
MinimumVisualStudioVersion = 10.0.40219.1
Project("{FAE04EC0-301F-11D3-BF4B-00C04F79EFBC}") = "21IValueConverter", "21IValueConverter\21IValueConverter.csproj", "{EB789649-DDE5-4B78-8B9A-673919E96BB2}"
EndProject
Global
	GlobalSection(SolutionConfigurationPlatforms) = preSolution
		Debug|Any CPU = Debug|Any CPU
		Release|Any CPU = Release|Any CPU
	EndGlobalSection
	GlobalSection(ProjectConfigurationPlatforms) = postSolution
		{EB789649-DDE5-4B78-8B9A-673919E96BB2}.Debug|Any CPU.ActiveCfg = Debug|Any CPU
		{EB789649-DDE5-4B78-8B9A-673919E96BB2}.Debug|Any CPU.Build.0 = Debug|Any CPU
		{EB789649-DDE5-4B78-8B9A-673919E96BB2}.Release|Any CPU.ActiveCfg = Release|Any CPU
		{EB789649-DDE5-4B78-8B9A-673919E96BB2}.Release|Any CPU.Build.0 = Release|Any CPU
	EndGlobalSection
	GlobalSection(SolutionProperties) = preSolution
		HideSolutionNode = FALSE
	EndGlobalSection
	GlobalSection(ExtensibilityGlobals) = postSolution
		SolutionGuid = {F375149D-A13F-4EA6-89E6-21788F7396EA}
	EndGlobalSection
EndGlobal
