
Microsoft Visual Studio Solution File, Format Version 12.00
# Visual Studio 15
VisualStudioVersion = 15.0.28307.1622
MinimumVisualStudioVersion = 10.0.40219.1
Project("{FAE04EC0-301F-11D3-BF4B-00C04F79EFBC}") = "ch02dataType", "ch02dataType.csproj", "{F24C4DDB-FD51-4132-9808-28962F2D38D8}"
EndProject
Global
	GlobalSection(SolutionConfigurationPlatforms) = preSolution
		Debug|Any CPU = Debug|Any CPU
		Release|Any CPU = Release|Any CPU
	EndGlobalSection
	GlobalSection(ProjectConfigurationPlatforms) = postSolution
		{F24C4DDB-FD51-4132-9808-28962F2D38D8}.Debug|Any CPU.ActiveCfg = Debug|Any CPU
		{F24C4DDB-FD51-4132-9808-28962F2D38D8}.Debug|Any CPU.Build.0 = Debug|Any CPU
		{F24C4DDB-FD51-4132-9808-28962F2D38D8}.Release|Any CPU.ActiveCfg = Release|Any CPU
		{F24C4DDB-FD51-4132-9808-28962F2D38D8}.Release|Any CPU.Build.0 = Release|Any CPU
	EndGlobalSection
	GlobalSection(SolutionProperties) = preSolution
		HideSolutionNode = FALSE
	EndGlobalSection
	GlobalSection(ExtensibilityGlobals) = postSolution
		SolutionGuid = {E13B5750-15CE-41BD-8FBB-0A32199045C3}
	EndGlobalSection
EndGlobal
