
Microsoft Visual Studio Solution File, Format Version 12.00
# Visual Studio Version 16
VisualStudioVersion = 16.0.32106.194
MinimumVisualStudioVersion = 10.0.40219.1
Project("{FAE04EC0-301F-11D3-BF4B-00C04F79EFBC}") = "07TextBlock", "07TextBlock\07TextBlock.csproj", "{BD77FD2B-29DE-4F0B-9BD7-E52574AEE035}"
EndProject
Global
	GlobalSection(SolutionConfigurationPlatforms) = preSolution
		Debug|Any CPU = Debug|Any CPU
		Release|Any CPU = Release|Any CPU
	EndGlobalSection
	GlobalSection(ProjectConfigurationPlatforms) = postSolution
		{BD77FD2B-29DE-4F0B-9BD7-E52574AEE035}.Debug|Any CPU.ActiveCfg = Debug|Any CPU
		{BD77FD2B-29DE-4F0B-9BD7-E52574AEE035}.Debug|Any CPU.Build.0 = Debug|Any CPU
		{BD77FD2B-29DE-4F0B-9BD7-E52574AEE035}.Release|Any CPU.ActiveCfg = Release|Any CPU
		{BD77FD2B-29DE-4F0B-9BD7-E52574AEE035}.Release|Any CPU.Build.0 = Release|Any CPU
	EndGlobalSection
	GlobalSection(SolutionProperties) = preSolution
		HideSolutionNode = FALSE
	EndGlobalSection
	GlobalSection(ExtensibilityGlobals) = postSolution
		SolutionGuid = {EDFB5D8B-F3DA-40CE-9FF2-34A17331C81C}
	EndGlobalSection
EndGlobal
