
Microsoft Visual Studio Solution File, Format Version 12.00
# Visual Studio Version 16
VisualStudioVersion = 16.0.32106.194
MinimumVisualStudioVersion = 10.0.40219.1
Project("{FAE04EC0-301F-11D3-BF4B-00C04F79EFBC}") = "DateTimeGadget", "DateTimeGadget\DateTimeGadget.csproj", "{027D1E1B-712A-475F-8C3E-97CAED92C134}"
EndProject
Global
	GlobalSection(SolutionConfigurationPlatforms) = preSolution
		Debug|Any CPU = Debug|Any CPU
		Release|Any CPU = Release|Any CPU
	EndGlobalSection
	GlobalSection(ProjectConfigurationPlatforms) = postSolution
		{027D1E1B-712A-475F-8C3E-97CAED92C134}.Debug|Any CPU.ActiveCfg = Debug|Any CPU
		{027D1E1B-712A-475F-8C3E-97CAED92C134}.Debug|Any CPU.Build.0 = Debug|Any CPU
		{027D1E1B-712A-475F-8C3E-97CAED92C134}.Release|Any CPU.ActiveCfg = Release|Any CPU
		{027D1E1B-712A-475F-8C3E-97CAED92C134}.Release|Any CPU.Build.0 = Release|Any CPU
	EndGlobalSection
	GlobalSection(SolutionProperties) = preSolution
		HideSolutionNode = FALSE
	EndGlobalSection
	GlobalSection(ExtensibilityGlobals) = postSolution
		SolutionGuid = {94F80FD2-CB62-48D0-838A-E182AEC5C5BB}
	EndGlobalSection
EndGlobal
