
Microsoft Visual Studio Solution File, Format Version 12.00
# Visual Studio 15
VisualStudioVersion = 15.0.28307.1622
MinimumVisualStudioVersion = 10.0.40219.1
Project("{FAE04EC0-301F-11D3-BF4B-00C04F79EFBC}") = "ch01string", "ch01string.csproj", "{2396EDD7-48D6-4BAB-ADAC-EA1B5B80E484}"
EndProject
Global
	GlobalSection(SolutionConfigurationPlatforms) = preSolution
		Debug|Any CPU = Debug|Any CPU
		Release|Any CPU = Release|Any CPU
	EndGlobalSection
	GlobalSection(ProjectConfigurationPlatforms) = postSolution
		{2396EDD7-48D6-4BAB-ADAC-EA1B5B80E484}.Debug|Any CPU.ActiveCfg = Debug|Any CPU
		{2396EDD7-48D6-4BAB-ADAC-EA1B5B80E484}.Debug|Any CPU.Build.0 = Debug|Any CPU
		{2396EDD7-48D6-4BAB-ADAC-EA1B5B80E484}.Release|Any CPU.ActiveCfg = Release|Any CPU
		{2396EDD7-48D6-4BAB-ADAC-EA1B5B80E484}.Release|Any CPU.Build.0 = Release|Any CPU
	EndGlobalSection
	GlobalSection(SolutionProperties) = preSolution
		HideSolutionNode = FALSE
	EndGlobalSection
	GlobalSection(ExtensibilityGlobals) = postSolution
		SolutionGuid = {9AAF100E-2AFA-4C74-A733-0190285D5A53}
	EndGlobalSection
EndGlobal
