
Microsoft Visual Studio Solution File, Format Version 12.00
# Visual Studio Version 16
VisualStudioVersion = 16.0.32106.194
MinimumVisualStudioVersion = 10.0.40219.1
Project("{FAE04EC0-301F-11D3-BF4B-00C04F79EFBC}") = "15UsingTheGrid2", "15UsingTheGrid2\15UsingTheGrid2.csproj", "{A9C3C2CE-1D4F-4295-9415-CAACE69068E8}"
EndProject
Global
	GlobalSection(SolutionConfigurationPlatforms) = preSolution
		Debug|Any CPU = Debug|Any CPU
		Release|Any CPU = Release|Any CPU
	EndGlobalSection
	GlobalSection(ProjectConfigurationPlatforms) = postSolution
		{A9C3C2CE-1D4F-4295-9415-CAACE69068E8}.Debug|Any CPU.ActiveCfg = Debug|Any CPU
		{A9C3C2CE-1D4F-4295-9415-CAACE69068E8}.Debug|Any CPU.Build.0 = Debug|Any CPU
		{A9C3C2CE-1D4F-4295-9415-CAACE69068E8}.Release|Any CPU.ActiveCfg = Release|Any CPU
		{A9C3C2CE-1D4F-4295-9415-CAACE69068E8}.Release|Any CPU.Build.0 = Release|Any CPU
	EndGlobalSection
	GlobalSection(SolutionProperties) = preSolution
		HideSolutionNode = FALSE
	EndGlobalSection
	GlobalSection(ExtensibilityGlobals) = postSolution
		SolutionGuid = {44AF6BBD-4F54-4125-8AF3-D05EA079F50A}
	EndGlobalSection
EndGlobal
