
Microsoft Visual Studio Solution File, Format Version 12.00
# Visual Studio Version 16
VisualStudioVersion = 16.0.32106.194
MinimumVisualStudioVersion = 10.0.40219.1
Project("{FAE04EC0-301F-11D3-BF4B-00C04F79EFBC}") = "25CustomWPFCommand", "25CustomWPFCommand\25CustomWPFCommand.csproj", "{8C07EF2E-0678-4B18-9703-DF40E0C73E19}"
EndProject
Global
	GlobalSection(SolutionConfigurationPlatforms) = preSolution
		Debug|Any CPU = Debug|Any CPU
		Release|Any CPU = Release|Any CPU
	EndGlobalSection
	GlobalSection(ProjectConfigurationPlatforms) = postSolution
		{8C07EF2E-0678-4B18-9703-DF40E0C73E19}.Debug|Any CPU.ActiveCfg = Debug|Any CPU
		{8C07EF2E-0678-4B18-9703-DF40E0C73E19}.Debug|Any CPU.Build.0 = Debug|Any CPU
		{8C07EF2E-0678-4B18-9703-DF40E0C73E19}.Release|Any CPU.ActiveCfg = Release|Any CPU
		{8C07EF2E-0678-4B18-9703-DF40E0C73E19}.Release|Any CPU.Build.0 = Release|Any CPU
	EndGlobalSection
	GlobalSection(SolutionProperties) = preSolution
		HideSolutionNode = FALSE
	EndGlobalSection
	GlobalSection(ExtensibilityGlobals) = postSolution
		SolutionGuid = {A17CB434-31BC-4005-A3B7-B63F01DC8EE0}
	EndGlobalSection
EndGlobal
