
Microsoft Visual Studio Solution File, Format Version 12.00
# Visual Studio Version 16
VisualStudioVersion = 16.0.32106.194
MinimumVisualStudioVersion = 10.0.40219.1
Project("{FAE04EC0-301F-11D3-BF4B-00C04F79EFBC}") = "ch02", "ch02\ch02.csproj", "{28E8FB92-3EDB-41A5-BB8B-D0024E39BD29}"
EndProject
Global
	GlobalSection(SolutionConfigurationPlatforms) = preSolution
		Debug|Any CPU = Debug|Any CPU
		Release|Any CPU = Release|Any CPU
	EndGlobalSection
	GlobalSection(ProjectConfigurationPlatforms) = postSolution
		{28E8FB92-3EDB-41A5-BB8B-D0024E39BD29}.Debug|Any CPU.ActiveCfg = Debug|Any CPU
		{28E8FB92-3EDB-41A5-BB8B-D0024E39BD29}.Debug|Any CPU.Build.0 = Debug|Any CPU
		{28E8FB92-3EDB-41A5-BB8B-D0024E39BD29}.Release|Any CPU.ActiveCfg = Release|Any CPU
		{28E8FB92-3EDB-41A5-BB8B-D0024E39BD29}.Release|Any CPU.Build.0 = Release|Any CPU
	EndGlobalSection
	GlobalSection(SolutionProperties) = preSolution
		HideSolutionNode = FALSE
	EndGlobalSection
	GlobalSection(ExtensibilityGlobals) = postSolution
		SolutionGuid = {F04A1AAB-B276-4A93-BC98-853F5B7C7343}
	EndGlobalSection
EndGlobal
