
Microsoft Visual Studio Solution File, Format Version 12.00
# Visual Studio Version 16
VisualStudioVersion = 16.0.32106.194
MinimumVisualStudioVersion = 10.0.40219.1
Project("{FAE04EC0-301F-11D3-BF4B-00C04F79EFBC}") = "36ListView4", "36ListView4\36ListView4.csproj", "{F579C57B-79B8-4B94-8705-C6CAE2A0D223}"
EndProject
Global
	GlobalSection(SolutionConfigurationPlatforms) = preSolution
		Debug|Any CPU = Debug|Any CPU
		Release|Any CPU = Release|Any CPU
	EndGlobalSection
	GlobalSection(ProjectConfigurationPlatforms) = postSolution
		{F579C57B-79B8-4B94-8705-C6CAE2A0D223}.Debug|Any CPU.ActiveCfg = Debug|Any CPU
		{F579C57B-79B8-4B94-8705-C6CAE2A0D223}.Debug|Any CPU.Build.0 = Debug|Any CPU
		{F579C57B-79B8-4B94-8705-C6CAE2A0D223}.Release|Any CPU.ActiveCfg = Release|Any CPU
		{F579C57B-79B8-4B94-8705-C6CAE2A0D223}.Release|Any CPU.Build.0 = Release|Any CPU
	EndGlobalSection
	GlobalSection(SolutionProperties) = preSolution
		HideSolutionNode = FALSE
	EndGlobalSection
	GlobalSection(ExtensibilityGlobals) = postSolution
		SolutionGuid = {5C7C27BC-5651-44A6-904F-D4D3364F044C}
	EndGlobalSection
EndGlobal
