
Microsoft Visual Studio Solution File, Format Version 12.00
# Visual Studio Version 16
VisualStudioVersion = 16.0.32106.194
MinimumVisualStudioVersion = 10.0.40219.1
Project("{FAE04EC0-301F-11D3-BF4B-00C04F79EFBC}") = "19UpdateSourceTrigger", "19UpdateSourceTrigger\19UpdateSourceTrigger.csproj", "{DC5D597F-3073-486D-9CB4-6B98B76E9F89}"
EndProject
Global
	GlobalSection(SolutionConfigurationPlatforms) = preSolution
		Debug|Any CPU = Debug|Any CPU
		Release|Any CPU = Release|Any CPU
	EndGlobalSection
	GlobalSection(ProjectConfigurationPlatforms) = postSolution
		{DC5D597F-3073-486D-9CB4-6B98B76E9F89}.Debug|Any CPU.ActiveCfg = Debug|Any CPU
		{DC5D597F-3073-486D-9CB4-6B98B76E9F89}.Debug|Any CPU.Build.0 = Debug|Any CPU
		{DC5D597F-3073-486D-9CB4-6B98B76E9F89}.Release|Any CPU.ActiveCfg = Release|Any CPU
		{DC5D597F-3073-486D-9CB4-6B98B76E9F89}.Release|Any CPU.Build.0 = Release|Any CPU
	EndGlobalSection
	GlobalSection(SolutionProperties) = preSolution
		HideSolutionNode = FALSE
	EndGlobalSection
	GlobalSection(ExtensibilityGlobals) = postSolution
		SolutionGuid = {F40654C2-54ED-4012-8F9D-80BD5DEB669E}
	EndGlobalSection
EndGlobal
