
Microsoft Visual Studio Solution File, Format Version 12.00
# Visual Studio Version 16
VisualStudioVersion = 16.0.32106.194
MinimumVisualStudioVersion = 10.0.40219.1
Project("{FAE04EC0-301F-11D3-BF4B-00C04F79EFBC}") = "04Resource3", "04Resource3\04Resource3.csproj", "{954B34AD-E0C2-4A5F-9C06-00E8C3B8867C}"
EndProject
Global
	GlobalSection(SolutionConfigurationPlatforms) = preSolution
		Debug|Any CPU = Debug|Any CPU
		Release|Any CPU = Release|Any CPU
	EndGlobalSection
	GlobalSection(ProjectConfigurationPlatforms) = postSolution
		{954B34AD-E0C2-4A5F-9C06-00E8C3B8867C}.Debug|Any CPU.ActiveCfg = Debug|Any CPU
		{954B34AD-E0C2-4A5F-9C06-00E8C3B8867C}.Debug|Any CPU.Build.0 = Debug|Any CPU
		{954B34AD-E0C2-4A5F-9C06-00E8C3B8867C}.Release|Any CPU.ActiveCfg = Release|Any CPU
		{954B34AD-E0C2-4A5F-9C06-00E8C3B8867C}.Release|Any CPU.Build.0 = Release|Any CPU
	EndGlobalSection
	GlobalSection(SolutionProperties) = preSolution
		HideSolutionNode = FALSE
	EndGlobalSection
	GlobalSection(ExtensibilityGlobals) = postSolution
		SolutionGuid = {7B2C91EF-80C6-4DFA-A355-FD48C66A0CDF}
	EndGlobalSection
EndGlobal
