
Microsoft Visual Studio Solution File, Format Version 12.00
# Visual Studio Version 16
VisualStudioVersion = 16.0.32106.194
MinimumVisualStudioVersion = 10.0.40219.1
Project("{FAE04EC0-301F-11D3-BF4B-00C04F79EFBC}") = "38DispatcherTimer", "38DispatcherTimer\38DispatcherTimer.csproj", "{194B785F-1DC2-497C-B643-DD9EA231B922}"
EndProject
Global
	GlobalSection(SolutionConfigurationPlatforms) = preSolution
		Debug|Any CPU = Debug|Any CPU
		Release|Any CPU = Release|Any CPU
	EndGlobalSection
	GlobalSection(ProjectConfigurationPlatforms) = postSolution
		{194B785F-1DC2-497C-B643-DD9EA231B922}.Debug|Any CPU.ActiveCfg = Debug|Any CPU
		{194B785F-1DC2-497C-B643-DD9EA231B922}.Debug|Any CPU.Build.0 = Debug|Any CPU
		{194B785F-1DC2-497C-B643-DD9EA231B922}.Release|Any CPU.ActiveCfg = Release|Any CPU
		{194B785F-1DC2-497C-B643-DD9EA231B922}.Release|Any CPU.Build.0 = Release|Any CPU
	EndGlobalSection
	GlobalSection(SolutionProperties) = preSolution
		HideSolutionNode = FALSE
	EndGlobalSection
	GlobalSection(ExtensibilityGlobals) = postSolution
		SolutionGuid = {A4EB653E-C5F7-42EC-B92D-3749517917F7}
	EndGlobalSection
EndGlobal
