
Microsoft Visual Studio Solution File, Format Version 12.00
# Visual Studio Version 16
VisualStudioVersion = 16.0.32106.194
MinimumVisualStudioVersion = 10.0.40219.1
Project("{FAE04EC0-301F-11D3-BF4B-00C04F79EFBC}") = "36ListView3", "36ListView3\36ListView3.csproj", "{FF9E6637-62E0-4D45-AED9-C81B1C1ECAE3}"
EndProject
Global
	GlobalSection(SolutionConfigurationPlatforms) = preSolution
		Debug|Any CPU = Debug|Any CPU
		Release|Any CPU = Release|Any CPU
	EndGlobalSection
	GlobalSection(ProjectConfigurationPlatforms) = postSolution
		{FF9E6637-62E0-4D45-AED9-C81B1C1ECAE3}.Debug|Any CPU.ActiveCfg = Debug|Any CPU
		{FF9E6637-62E0-4D45-AED9-C81B1C1ECAE3}.Debug|Any CPU.Build.0 = Debug|Any CPU
		{FF9E6637-62E0-4D45-AED9-C81B1C1ECAE3}.Release|Any CPU.ActiveCfg = Release|Any CPU
		{FF9E6637-62E0-4D45-AED9-C81B1C1ECAE3}.Release|Any CPU.Build.0 = Release|Any CPU
	EndGlobalSection
	GlobalSection(SolutionProperties) = preSolution
		HideSolutionNode = FALSE
	EndGlobalSection
	GlobalSection(ExtensibilityGlobals) = postSolution
		SolutionGuid = {2E0BD849-7D4D-4DD8-B618-B14122A67E42}
	EndGlobalSection
EndGlobal
