
Microsoft Visual Studio Solution File, Format Version 12.00
# Visual Studio Version 16
VisualStudioVersion = 16.0.32106.194
MinimumVisualStudioVersion = 10.0.40219.1
Project("{FAE04EC0-301F-11D3-BF4B-00C04F79EFBC}") = "08LabelControl2", "08LabelControl2\08LabelControl2.csproj", "{FA0C720B-007D-4DDA-A40B-8086F3FE2EFE}"
EndProject
Global
	GlobalSection(SolutionConfigurationPlatforms) = preSolution
		Debug|Any CPU = Debug|Any CPU
		Release|Any CPU = Release|Any CPU
	EndGlobalSection
	GlobalSection(ProjectConfigurationPlatforms) = postSolution
		{FA0C720B-007D-4DDA-A40B-8086F3FE2EFE}.Debug|Any CPU.ActiveCfg = Debug|Any CPU
		{FA0C720B-007D-4DDA-A40B-8086F3FE2EFE}.Debug|Any CPU.Build.0 = Debug|Any CPU
		{FA0C720B-007D-4DDA-A40B-8086F3FE2EFE}.Release|Any CPU.ActiveCfg = Release|Any CPU
		{FA0C720B-007D-4DDA-A40B-8086F3FE2EFE}.Release|Any CPU.Build.0 = Release|Any CPU
	EndGlobalSection
	GlobalSection(SolutionProperties) = preSolution
		HideSolutionNode = FALSE
	EndGlobalSection
	GlobalSection(ExtensibilityGlobals) = postSolution
		SolutionGuid = {83B3FC0C-6F3C-4807-8DC8-0ADEE44B639B}
	EndGlobalSection
EndGlobal
