
Microsoft Visual Studio Solution File, Format Version 12.00
# Visual Studio Version 16
VisualStudioVersion = 16.0.32106.194
MinimumVisualStudioVersion = 10.0.40219.1
Project("{FAE04EC0-301F-11D3-BF4B-00C04F79EFBC}") = "17DataBinding", "17DataBinding\17DataBinding.csproj", "{ABE5D646-3DB9-4334-8552-1E1776855005}"
EndProject
Global
	GlobalSection(SolutionConfigurationPlatforms) = preSolution
		Debug|Any CPU = Debug|Any CPU
		Release|Any CPU = Release|Any CPU
	EndGlobalSection
	GlobalSection(ProjectConfigurationPlatforms) = postSolution
		{ABE5D646-3DB9-4334-8552-1E1776855005}.Debug|Any CPU.ActiveCfg = Debug|Any CPU
		{ABE5D646-3DB9-4334-8552-1E1776855005}.Debug|Any CPU.Build.0 = Debug|Any CPU
		{ABE5D646-3DB9-4334-8552-1E1776855005}.Release|Any CPU.ActiveCfg = Release|Any CPU
		{ABE5D646-3DB9-4334-8552-1E1776855005}.Release|Any CPU.Build.0 = Release|Any CPU
	EndGlobalSection
	GlobalSection(SolutionProperties) = preSolution
		HideSolutionNode = FALSE
	EndGlobalSection
	GlobalSection(ExtensibilityGlobals) = postSolution
		SolutionGuid = {B7646606-B24F-4582-A2CA-3FBC944E56E4}
	EndGlobalSection
EndGlobal
