
Microsoft Visual Studio Solution File, Format Version 12.00
# Visual Studio Version 16
VisualStudioVersion = 16.0.32106.194
MinimumVisualStudioVersion = 10.0.40219.1
Project("{FAE04EC0-301F-11D3-BF4B-00C04F79EFBC}") = "13ImageControl3", "13ImageControl3\13ImageControl3.csproj", "{919F4298-B345-473F-9EDB-03EEC7DACEC9}"
EndProject
Global
	GlobalSection(SolutionConfigurationPlatforms) = preSolution
		Debug|Any CPU = Debug|Any CPU
		Release|Any CPU = Release|Any CPU
	EndGlobalSection
	GlobalSection(ProjectConfigurationPlatforms) = postSolution
		{919F4298-B345-473F-9EDB-03EEC7DACEC9}.Debug|Any CPU.ActiveCfg = Debug|Any CPU
		{919F4298-B345-473F-9EDB-03EEC7DACEC9}.Debug|Any CPU.Build.0 = Debug|Any CPU
		{919F4298-B345-473F-9EDB-03EEC7DACEC9}.Release|Any CPU.ActiveCfg = Release|Any CPU
		{919F4298-B345-473F-9EDB-03EEC7DACEC9}.Release|Any CPU.Build.0 = Release|Any CPU
	EndGlobalSection
	GlobalSection(SolutionProperties) = preSolution
		HideSolutionNode = FALSE
	EndGlobalSection
	GlobalSection(ExtensibilityGlobals) = postSolution
		SolutionGuid = {5494FBA0-2A8D-491F-BA80-780BE3E27E5B}
	EndGlobalSection
EndGlobal
