
Microsoft Visual Studio Solution File, Format Version 12.00
# Visual Studio Version 16
VisualStudioVersion = 16.0.32106.194
MinimumVisualStudioVersion = 10.0.40219.1
Project("{FAE04EC0-301F-11D3-BF4B-00C04F79EFBC}") = "36ListView2", "36ListView2\36ListView2.csproj", "{051D3693-5DF2-4DC0-BB09-5812F923DDCF}"
EndProject
Global
	GlobalSection(SolutionConfigurationPlatforms) = preSolution
		Debug|Any CPU = Debug|Any CPU
		Release|Any CPU = Release|Any CPU
	EndGlobalSection
	GlobalSection(ProjectConfigurationPlatforms) = postSolution
		{051D3693-5DF2-4DC0-BB09-5812F923DDCF}.Debug|Any CPU.ActiveCfg = Debug|Any CPU
		{051D3693-5DF2-4DC0-BB09-5812F923DDCF}.Debug|Any CPU.Build.0 = Debug|Any CPU
		{051D3693-5DF2-4DC0-BB09-5812F923DDCF}.Release|Any CPU.ActiveCfg = Release|Any CPU
		{051D3693-5DF2-4DC0-BB09-5812F923DDCF}.Release|Any CPU.Build.0 = Release|Any CPU
	EndGlobalSection
	GlobalSection(SolutionProperties) = preSolution
		HideSolutionNode = FALSE
	EndGlobalSection
	GlobalSection(ExtensibilityGlobals) = postSolution
		SolutionGuid = {1B15A87D-419A-40A2-916F-25C3BD7D2D3C}
	EndGlobalSection
EndGlobal
